<?xml version="1.0" encoding="utf-8"?>
<Project ToolsVersion="4.0" xmlns="http://schemas.microsoft.com/developer/msbuild/2003">
  <ItemGroup>
    <ClCompile Include="Boss\Boss.cpp" />
    <ClCompile Include="Graphics\ConsoleGraphic.cpp" />
    <ClCompile Include="Graphics\Interface.cpp" />
    <ClCompile Include="Manager\ResourceManager\ResourceManager.cpp" />
    <ClCompile Include="Manager\SoundManager\SoundManager.cpp" />
    <ClCompile Include="Projectile\BossProjectile.cpp" />
    <ClCompile Include="Resource\ResourceBase.cpp" />
    <ClCompile Include="Resource\Sound\Sound.cpp" />
    <ClCompile Include="Input\Input.cpp" />
    <ClCompile Include="Time\Timer.cpp" />
    <ClCompile Include="Character\Player.cpp" />
    <ClCompile Include="Projectile\Projectile.cpp" />
    <ClCompile Include="TP02.cpp" />
    <ClCompile Include="World\GameWorld.cpp" />
    <ClCompile Include="Item\Item.cpp">
      <Filter>Item</Filter>
    </ClCompile>
    <ClCompile Include="InGameMenu\Menu.cpp" />
    <ClCompile Include="Inventory\Inventory.cpp" />
    <ClCompile Include="Enemy\Enemy.cpp" />
    <ClCompile Include="Graphics\Effect.cpp" />
    <ClCompile Include="Enemy\Slime.cpp" />
    <ClCompile Include="Character\Sniper\Sniper.cpp" />
    <ClCompile Include="Shop\Shop.cpp" />
    <ClCompile Include="FrontMenu\MainMenu.cpp" />
    <ClCompile Include="Boss\SemiBoss.cpp" />
  </ItemGroup>
  <ItemGroup>
    <ClInclude Include="Boss\Boss.h" />
    <ClInclude Include="Character\Actor.h" />
    <ClInclude Include="Character\Character.h" />
    <ClInclude Include="Character\Player.h" />
    <ClInclude Include="Graphics\ConsoleGraphic.h" />
    <ClInclude Include="Graphics\Interface.h" />
    <ClInclude Include="Manager\ResourceManager\ResourceManager.h" />
    <ClInclude Include="Manager\SoundManager\SoundManager.h" />
    <ClInclude Include="Projectile\BossProjectile.h" />
    <ClInclude Include="Projectile\Projectile.h" />
    <ClInclude Include="resource.h" />
    <ClInclude Include="Resource\ResourceBase.h" />
    <ClInclude Include="Resource\Sound\Sound.h" />
    <ClInclude Include="Input\Input.h" />
    <ClInclude Include="Standard.h" />
    <ClInclude Include="Time\Timer.h" />
    <ClInclude Include="Utils\Common.h" />
    <ClInclude Include="Utils\Utils.h" />
    <ClInclude Include="World\GameWorld.h" />
    <ClInclude Include="Item\Item.h">
      <Filter>Item</Filter>
    </ClInclude>
    <ClInclude Include="FrontMenu\MainMenu.h" />
    <ClInclude Include="InGameMenu\Menu.h" />
    <ClInclude Include="Inventory\Inventory.h" />
    <ClInclude Include="Enemy\Enemy.h" />
    <ClInclude Include="Graphics\Effect.h" />
    <ClInclude Include="Enemy\Slime.h" />
    <ClInclude Include="Character\Sniper\Sniper.h" />
    <ClInclude Include="Shop\Shop.h" />
    <ClInclude Include="Boss\SemiBoss.h" />
  </ItemGroup>
  <ItemGroup>
    <ResourceCompile Include="TP02.rc" />
  </ItemGroup>
  <ItemGroup>
    <Filter Include="Item">
      <UniqueIdentifier>{784ad04b-bd92-4911-a336-a469ead5479e}</UniqueIdentifier>
    </Filter>
  </ItemGroup>
  <ItemGroup>
    <None Include="TP02.APS" />
  </ItemGroup>
</Project>